
Microsoft Visual Studio Solution File, Format Version 12.00
# Visual Studio Version 17
VisualStudioVersion = 17.10.35027.167
MinimumVisualStudioVersion = 10.0.40219.1
Project("{9A19103F-16F7-4668-BE54-9A1E7A4F7556}") = "mrzim te", "mrzim te\mrzim te.csproj", "{81EAF05D-1BCE-40BE-921B-4E2C8BB0CEAB}"
EndProject
Global
	GlobalSection(SolutionConfigurationPlatforms) = preSolution
		Debug|Any CPU = Debug|Any CPU
		Release|Any CPU = Release|Any CPU
	EndGlobalSection
	GlobalSection(ProjectConfigurationPlatforms) = postSolution
		{81EAF05D-1BCE-40BE-921B-4E2C8BB0CEAB}.Debug|Any CPU.ActiveCfg = Debug|Any CPU
		{81EAF05D-1BCE-40BE-921B-4E2C8BB0CEAB}.Debug|Any CPU.Build.0 = Debug|Any CPU
		{81EAF05D-1BCE-40BE-921B-4E2C8BB0CEAB}.Release|Any CPU.ActiveCfg = Release|Any CPU
		{81EAF05D-1BCE-40BE-921B-4E2C8BB0CEAB}.Release|Any CPU.Build.0 = Release|Any CPU
	EndGlobalSection
	GlobalSection(SolutionProperties) = preSolution
		HideSolutionNode = FALSE
	EndGlobalSection
	GlobalSection(ExtensibilityGlobals) = postSolution
		SolutionGuid = {3DCF9CDC-92B2-45AA-B8F2-F50BF5DD17F7}
	EndGlobalSection
EndGlobal
